// !$*UTF8*$!
{
	archiveVersion = 1;
	classes = {
	};
	objectVersion = 56;
	objects = {

/* Begin PBXBuildFile section */
		530E62502AC3B58300B5075C /* DataProviderManager.swift in Sources */ = {isa = PBXBuildFile; fileRef = 530E624F2AC3B58300B5075C /* DataProviderManager.swift */; };
		530E62532AC3B9CC00B5075C /* RatesFluctuationDataProvider.swift in Sources */ = {isa = PBXBuildFile; fileRef = 530E62522AC3B9CC00B5075C /* RatesFluctuationDataProvider.swift */; };
		530E62552AC3BB9D00B5075C /* RatesHistoricalDataProvider.swift in Sources */ = {isa = PBXBuildFile; fileRef = 530E62542AC3BB9D00B5075C /* RatesHistoricalDataProvider.swift */; };
		530E62572AC3BBFE00B5075C /* CurrencySymbolsDataProvider.swift in Sources */ = {isa = PBXBuildFile; fileRef = 530E62562AC3BBFE00B5075C /* CurrencySymbolsDataProvider.swift */; };
		532E231D2ACBAA3D00E94F2D /* RatesFluctuationView.swift in Sources */ = {isa = PBXBuildFile; fileRef = 532E231C2ACBAA3D00E94F2D /* RatesFluctuationView.swift */; };
		532E231F2ACE19E800E94F2D /* Extensions.swift in Sources */ = {isa = PBXBuildFile; fileRef = 532E231E2ACE19E800E94F2D /* Extensions.swift */; };
		533816E72ABD19190057FAA3 /* RatesApi.swift in Sources */ = {isa = PBXBuildFile; fileRef = 533816E62ABD19190057FAA3 /* RatesApi.swift */; };
		533816EA2ABD1C620057FAA3 /* RatesRouter.swift in Sources */ = {isa = PBXBuildFile; fileRef = 533816E92ABD1C620057FAA3 /* RatesRouter.swift */; };
		533816EC2ABD1C700057FAA3 /* CurrencyRouter.swift in Sources */ = {isa = PBXBuildFile; fileRef = 533816EB2ABD1C700057FAA3 /* CurrencyRouter.swift */; };
		53AB29782AC2416000A9594E /* BaseStore.swift in Sources */ = {isa = PBXBuildFile; fileRef = 53AB29772AC2416000A9594E /* BaseStore.swift */; };
		53AB297B2AC243E000A9594E /* RatesFluctuationObject.swift in Sources */ = {isa = PBXBuildFile; fileRef = 53AB297A2AC243E000A9594E /* RatesFluctuationObject.swift */; };
		53AB297D2AC245D100A9594E /* CurrencySymbolObject.swift in Sources */ = {isa = PBXBuildFile; fileRef = 53AB297C2AC245D100A9594E /* CurrencySymbolObject.swift */; };
		53AB297F2AC245E400A9594E /* RatesHistoricalObject.swift in Sources */ = {isa = PBXBuildFile; fileRef = 53AB297E2AC245E400A9594E /* RatesHistoricalObject.swift */; };
		53AB29812AC25F6100A9594E /* RatesStore.swift in Sources */ = {isa = PBXBuildFile; fileRef = 53AB29802AC25F6100A9594E /* RatesStore.swift */; };
		53AB29832AC2628F00A9594E /* CurrencyStore.swift in Sources */ = {isa = PBXBuildFile; fileRef = 53AB29822AC2628F00A9594E /* CurrencyStore.swift */; };
		53DC07E12ABBEB3400EAD0AB /* ExchangeRatesApp.swift in Sources */ = {isa = PBXBuildFile; fileRef = 53DC07E02ABBEB3400EAD0AB /* ExchangeRatesApp.swift */; };
		53DC07E32ABBEB3400EAD0AB /* ContentView.swift in Sources */ = {isa = PBXBuildFile; fileRef = 53DC07E22ABBEB3400EAD0AB /* ContentView.swift */; };
		53DC07E52ABBEB3500EAD0AB /* Assets.xcassets in Resources */ = {isa = PBXBuildFile; fileRef = 53DC07E42ABBEB3500EAD0AB /* Assets.xcassets */; };
		53DC07E82ABBEB3500EAD0AB /* Preview Assets.xcassets in Resources */ = {isa = PBXBuildFile; fileRef = 53DC07E72ABBEB3500EAD0AB /* Preview Assets.xcassets */; };
/* End PBXBuildFile section */

/* Begin PBXFileReference section */
		530E624F2AC3B58300B5075C /* DataProviderManager.swift */ = {isa = PBXFileReference; lastKnownFileType = sourcecode.swift; path = DataProviderManager.swift; sourceTree = "<group>"; };
		530E62522AC3B9CC00B5075C /* RatesFluctuationDataProvider.swift */ = {isa = PBXFileReference; lastKnownFileType = sourcecode.swift; path = RatesFluctuationDataProvider.swift; sourceTree = "<group>"; };
		530E62542AC3BB9D00B5075C /* RatesHistoricalDataProvider.swift */ = {isa = PBXFileReference; lastKnownFileType = sourcecode.swift; path = RatesHistoricalDataProvider.swift; sourceTree = "<group>"; };
		530E62562AC3BBFE00B5075C /* CurrencySymbolsDataProvider.swift */ = {isa = PBXFileReference; lastKnownFileType = sourcecode.swift; path = CurrencySymbolsDataProvider.swift; sourceTree = "<group>"; };
		532E231B2AC5104200E94F2D /* Info.plist */ = {isa = PBXFileReference; lastKnownFileType = text.plist; path = Info.plist; sourceTree = "<group>"; };
		532E231C2ACBAA3D00E94F2D /* RatesFluctuationView.swift */ = {isa = PBXFileReference; lastKnownFileType = sourcecode.swift; path = RatesFluctuationView.swift; sourceTree = "<group>"; };
		532E231E2ACE19E800E94F2D /* Extensions.swift */ = {isa = PBXFileReference; lastKnownFileType = sourcecode.swift; path = Extensions.swift; sourceTree = "<group>"; };
		533816E62ABD19190057FAA3 /* RatesApi.swift */ = {isa = PBXFileReference; lastKnownFileType = sourcecode.swift; path = RatesApi.swift; sourceTree = "<group>"; };
		533816E92ABD1C620057FAA3 /* RatesRouter.swift */ = {isa = PBXFileReference; lastKnownFileType = sourcecode.swift; path = RatesRouter.swift; sourceTree = "<group>"; };
		533816EB2ABD1C700057FAA3 /* CurrencyRouter.swift */ = {isa = PBXFileReference; lastKnownFileType = sourcecode.swift; path = CurrencyRouter.swift; sourceTree = "<group>"; };
		53AB29772AC2416000A9594E /* BaseStore.swift */ = {isa = PBXFileReference; lastKnownFileType = sourcecode.swift; path = BaseStore.swift; sourceTree = "<group>"; };
		53AB297A2AC243E000A9594E /* RatesFluctuationObject.swift */ = {isa = PBXFileReference; lastKnownFileType = sourcecode.swift; path = RatesFluctuationObject.swift; sourceTree = "<group>"; };
		53AB297C2AC245D100A9594E /* CurrencySymbolObject.swift */ = {isa = PBXFileReference; lastKnownFileType = sourcecode.swift; path = CurrencySymbolObject.swift; sourceTree = "<group>"; };
		53AB297E2AC245E400A9594E /* RatesHistoricalObject.swift */ = {isa = PBXFileReference; lastKnownFileType = sourcecode.swift; path = RatesHistoricalObject.swift; sourceTree = "<group>"; };
		53AB29802AC25F6100A9594E /* RatesStore.swift */ = {isa = PBXFileReference; lastKnownFileType = sourcecode.swift; path = RatesStore.swift; sourceTree = "<group>"; };
		53AB29822AC2628F00A9594E /* CurrencyStore.swift */ = {isa = PBXFileReference; lastKnownFileType = sourcecode.swift; path = CurrencyStore.swift; sourceTree = "<group>"; };
		53DC07DD2ABBEB3400EAD0AB /* ExchangeRates.app */ = {isa = PBXFileReference; explicitFileType = wrapper.application; includeInIndex = 0; path = ExchangeRates.app; sourceTree = BUILT_PRODUCTS_DIR; };
		53DC07E02ABBEB3400EAD0AB /* ExchangeRatesApp.swift */ = {isa = PBXFileReference; lastKnownFileType = sourcecode.swift; path = ExchangeRatesApp.swift; sourceTree = "<group>"; };
		53DC07E22ABBEB3400EAD0AB /* ContentView.swift */ = {isa = PBXFileReference; lastKnownFileType = sourcecode.swift; path = ContentView.swift; sourceTree = "<group>"; };
		53DC07E42ABBEB3500EAD0AB /* Assets.xcassets */ = {isa = PBXFileReference; lastKnownFileType = folder.assetcatalog; path = Assets.xcassets; sourceTree = "<group>"; };
		53DC07E72ABBEB3500EAD0AB /* Preview Assets.xcassets */ = {isa = PBXFileReference; lastKnownFileType = folder.assetcatalog; path = "Preview Assets.xcassets"; sourceTree = "<group>"; };
/* End PBXFileReference section */

/* Begin PBXFrameworksBuildPhase section */
		53DC07DA2ABBEB3400EAD0AB /* Frameworks */ = {
			isa = PBXFrameworksBuildPhase;
			buildActionMask = 2147483647;
			files = (
			);
			runOnlyForDeploymentPostprocessing = 0;
		};
/* End PBXFrameworksBuildPhase section */

/* Begin PBXGroup section */
		530E62512AC3B9AF00B5075C /* RatesDataProvider */ = {
			isa = PBXGroup;
			children = (
				530E62522AC3B9CC00B5075C /* RatesFluctuationDataProvider.swift */,
				530E62542AC3BB9D00B5075C /* RatesHistoricalDataProvider.swift */,
				530E62562AC3BBFE00B5075C /* CurrencySymbolsDataProvider.swift */,
			);
			path = RatesDataProvider;
			sourceTree = "<group>";
		};
		533816E32ABD18AE0057FAA3 /* DataProvider */ = {
			isa = PBXGroup;
			children = (
				530E62512AC3B9AF00B5075C /* RatesDataProvider */,
				533816E42ABD18E20057FAA3 /* NetworkRepository */,
				530E624F2AC3B58300B5075C /* DataProviderManager.swift */,
			);
			path = DataProvider;
			sourceTree = "<group>";
		};
		533816E42ABD18E20057FAA3 /* NetworkRepository */ = {
			isa = PBXGroup;
			children = (
				53AB29792AC2432B00A9594E /* Objects */,
				53AB29762AC2407000A9594E /* Stores */,
				533816E82ABD1C4E0057FAA3 /* Routers */,
				533816E52ABD18FC0057FAA3 /* Apis */,
			);
			path = NetworkRepository;
			sourceTree = "<group>";
		};
		533816E52ABD18FC0057FAA3 /* Apis */ = {
			isa = PBXGroup;
			children = (
				533816E62ABD19190057FAA3 /* RatesApi.swift */,
			);
			path = Apis;
			sourceTree = "<group>";
		};
		533816E82ABD1C4E0057FAA3 /* Routers */ = {
			isa = PBXGroup;
			children = (
				533816E92ABD1C620057FAA3 /* RatesRouter.swift */,
				533816EB2ABD1C700057FAA3 /* CurrencyRouter.swift */,
			);
			path = Routers;
			sourceTree = "<group>";
		};
		53AB29762AC2407000A9594E /* Stores */ = {
			isa = PBXGroup;
			children = (
				53AB29772AC2416000A9594E /* BaseStore.swift */,
				53AB29802AC25F6100A9594E /* RatesStore.swift */,
				53AB29822AC2628F00A9594E /* CurrencyStore.swift */,
			);
			path = Stores;
			sourceTree = "<group>";
		};
		53AB29792AC2432B00A9594E /* Objects */ = {
			isa = PBXGroup;
			children = (
				53AB297A2AC243E000A9594E /* RatesFluctuationObject.swift */,
				53AB297C2AC245D100A9594E /* CurrencySymbolObject.swift */,
				53AB297E2AC245E400A9594E /* RatesHistoricalObject.swift */,
			);
			path = Objects;
			sourceTree = "<group>";
		};
		53DC07D42ABBEB3400EAD0AB = {
			isa = PBXGroup;
			children = (
				53DC07DF2ABBEB3400EAD0AB /* ExchangeRates */,
				53DC07DE2ABBEB3400EAD0AB /* Products */,
			);
			sourceTree = "<group>";
		};
		53DC07DE2ABBEB3400EAD0AB /* Products */ = {
			isa = PBXGroup;
			children = (
				53DC07DD2ABBEB3400EAD0AB /* ExchangeRates.app */,
			);
			name = Products;
			sourceTree = "<group>";
		};
		53DC07DF2ABBEB3400EAD0AB /* ExchangeRates */ = {
			isa = PBXGroup;
			children = (
				532E231B2AC5104200E94F2D /* Info.plist */,
				533816E32ABD18AE0057FAA3 /* DataProvider */,
				53DC07E02ABBEB3400EAD0AB /* ExchangeRatesApp.swift */,
				53DC07E22ABBEB3400EAD0AB /* ContentView.swift */,
				53DC07E42ABBEB3500EAD0AB /* Assets.xcassets */,
				53DC07E62ABBEB3500EAD0AB /* Preview Content */,
				532E231C2ACBAA3D00E94F2D /* RatesFluctuationView.swift */,
				532E231E2ACE19E800E94F2D /* Extensions.swift */,
			);
			path = ExchangeRates;
			sourceTree = "<group>";
		};
		53DC07E62ABBEB3500EAD0AB /* Preview Content */ = {
			isa = PBXGroup;
			children = (
				53DC07E72ABBEB3500EAD0AB /* Preview Assets.xcassets */,
			);
			path = "Preview Content";
			sourceTree = "<group>";
		};
/* End PBXGroup section */

/* Begin PBXNativeTarget section */
		53DC07DC2ABBEB3400EAD0AB /* ExchangeRates */ = {
			isa = PBXNativeTarget;
			buildConfigurationList = 53DC07EB2ABBEB3500EAD0AB /* Build configuration list for PBXNativeTarget "ExchangeRates" */;
			buildPhases = (
				53DC07D92ABBEB3400EAD0AB /* Sources */,
				53DC07DA2ABBEB3400EAD0AB /* Frameworks */,
				53DC07DB2ABBEB3400EAD0AB /* Resources */,
			);
			buildRules = (
			);
			dependencies = (
			);
			name = ExchangeRates;
			productName = ExchangeRates;
			productReference = 53DC07DD2ABBEB3400EAD0AB /* ExchangeRates.app */;
			productType = "com.apple.product-type.application";
		};
/* End PBXNativeTarget section */

/* Begin PBXProject section */
		53DC07D52ABBEB3400EAD0AB /* Project object */ = {
			isa = PBXProject;
			attributes = {
				BuildIndependentTargetsInParallel = 1;
				LastSwiftUpdateCheck = 1430;
				LastUpgradeCheck = 1430;
				TargetAttributes = {
					53DC07DC2ABBEB3400EAD0AB = {
						CreatedOnToolsVersion = 14.3.1;
					};
				};
			};
			buildConfigurationList = 53DC07D82ABBEB3400EAD0AB /* Build configuration list for PBXProject "ExchangeRates" */;
			compatibilityVersion = "Xcode 14.0";
			developmentRegion = en;
			hasScannedForEncodings = 0;
			knownRegions = (
				en,
				Base,
			);
			mainGroup = 53DC07D42ABBEB3400EAD0AB;
			productRefGroup = 53DC07DE2ABBEB3400EAD0AB /* Products */;
			projectDirPath = "";
			projectRoot = "";
			targets = (
				53DC07DC2ABBEB3400EAD0AB /* ExchangeRates */,
			);
		};
/* End PBXProject section */

/* Begin PBXResourcesBuildPhase section */
		53DC07DB2ABBEB3400EAD0AB /* Resources */ = {
			isa = PBXResourcesBuildPhase;
			buildActionMask = 2147483647;
			files = (
				53DC07E82ABBEB3500EAD0AB /* Preview Assets.xcassets in Resources */,
				53DC07E52ABBEB3500EAD0AB /* Assets.xcassets in Resources */,
			);
			runOnlyForDeploymentPostprocessing = 0;
		};
/* End PBXResourcesBuildPhase section */

/* Begin PBXSourcesBuildPhase section */
		53DC07D92ABBEB3400EAD0AB /* Sources */ = {
			isa = PBXSourcesBuildPhase;
			buildActionMask = 2147483647;
			files = (
				533816EC2ABD1C700057FAA3 /* CurrencyRouter.swift in Sources */,
				533816EA2ABD1C620057FAA3 /* RatesRouter.swift in Sources */,
				53AB29782AC2416000A9594E /* BaseStore.swift in Sources */,
				53AB297F2AC245E400A9594E /* RatesHistoricalObject.swift in Sources */,
				53DC07E32ABBEB3400EAD0AB /* ContentView.swift in Sources */,
				53DC07E12ABBEB3400EAD0AB /* ExchangeRatesApp.swift in Sources */,
				530E62552AC3BB9D00B5075C /* RatesHistoricalDataProvider.swift in Sources */,
				53AB297D2AC245D100A9594E /* CurrencySymbolObject.swift in Sources */,
				53AB29812AC25F6100A9594E /* RatesStore.swift in Sources */,
				530E62502AC3B58300B5075C /* DataProviderManager.swift in Sources */,
				530E62572AC3BBFE00B5075C /* CurrencySymbolsDataProvider.swift in Sources */,
				53AB297B2AC243E000A9594E /* RatesFluctuationObject.swift in Sources */,
				533816E72ABD19190057FAA3 /* RatesApi.swift in Sources */,
				532E231D2ACBAA3D00E94F2D /* RatesFluctuationView.swift in Sources */,
				532E231F2ACE19E800E94F2D /* Extensions.swift in Sources */,
				530E62532AC3B9CC00B5075C /* RatesFluctuationDataProvider.swift in Sources */,
				53AB29832AC2628F00A9594E /* CurrencyStore.swift in Sources */,
			);
			runOnlyForDeploymentPostprocessing = 0;
		};
/* End PBXSourcesBuildPhase section */

/* Begin XCBuildConfiguration section */
		53DC07E92ABBEB3500EAD0AB /* Debug */ = {
			isa = XCBuildConfiguration;
			buildSettings = {
				ALWAYS_SEARCH_USER_PATHS = NO;
				CLANG_ANALYZER_NONNULL = YES;
				CLANG_ANALYZER_NUMBER_OBJECT_CONVERSION = YES_AGGRESSIVE;
				CLANG_CXX_LANGUAGE_STANDARD = "gnu++20";
				CLANG_ENABLE_MODULES = YES;
				CLANG_ENABLE_OBJC_ARC = YES;
				CLANG_ENABLE_OBJC_WEAK = YES;
				CLANG_WARN_BLOCK_CAPTURE_AUTORELEASING = YES;
				CLANG_WARN_BOOL_CONVERSION = YES;
				CLANG_WARN_COMMA = YES;
				CLANG_WARN_CONSTANT_CONVERSION = YES;
				CLANG_WARN_DEPRECATED_OBJC_IMPLEMENTATIONS = YES;
				CLANG_WARN_DIRECT_OBJC_ISA_USAGE = YES_ERROR;
				CLANG_WARN_DOCUMENTATION_COMMENTS = YES;
				CLANG_WARN_EMPTY_BODY = YES;
				CLANG_WARN_ENUM_CONVERSION = YES;
				CLANG_WARN_INFINITE_RECURSION = YES;
				CLANG_WARN_INT_CONVERSION = YES;
				CLANG_WARN_NON_LITERAL_NULL_CONVERSION = YES;
				CLANG_WARN_OBJC_IMPLICIT_RETAIN_SELF = YES;
				CLANG_WARN_OBJC_LITERAL_CONVERSION = YES;
				CLANG_WARN_OBJC_ROOT_CLASS = YES_ERROR;
				CLANG_WARN_QUOTED_INCLUDE_IN_FRAMEWORK_HEADER = YES;
				CLANG_WARN_RANGE_LOOP_ANALYSIS = YES;
				CLANG_WARN_STRICT_PROTOTYPES = YES;
				CLANG_WARN_SUSPICIOUS_MOVE = YES;
				CLANG_WARN_UNGUARDED_AVAILABILITY = YES_AGGRESSIVE;
				CLANG_WARN_UNREACHABLE_CODE = YES;
				CLANG_WARN__DUPLICATE_METHOD_MATCH = YES;
				COPY_PHASE_STRIP = NO;
				DEBUG_INFORMATION_FORMAT = dwarf;
				ENABLE_STRICT_OBJC_MSGSEND = YES;
				ENABLE_TESTABILITY = YES;
				GCC_C_LANGUAGE_STANDARD = gnu11;
				GCC_DYNAMIC_NO_PIC = NO;
				GCC_NO_COMMON_BLOCKS = YES;
				GCC_OPTIMIZATION_LEVEL = 0;
				GCC_PREPROCESSOR_DEFINITIONS = (
					"DEBUG=1",
					"$(inherited)",
				);
				GCC_WARN_64_TO_32_BIT_CONVERSION = YES;
				GCC_WARN_ABOUT_RETURN_TYPE = YES_ERROR;
				GCC_WARN_UNDECLARED_SELECTOR = YES;
				GCC_WARN_UNINITIALIZED_AUTOS = YES_AGGRESSIVE;
				GCC_WARN_UNUSED_FUNCTION = YES;
				GCC_WARN_UNUSED_VARIABLE = YES;
				IPHONEOS_DEPLOYMENT_TARGET = 16.4;
				MTL_ENABLE_DEBUG_INFO = INCLUDE_SOURCE;
				MTL_FAST_MATH = YES;
				ONLY_ACTIVE_ARCH = YES;
				SDKROOT = iphoneos;
				SWIFT_ACTIVE_COMPILATION_CONDITIONS = DEBUG;
				SWIFT_OPTIMIZATION_LEVEL = "-Onone";
			};
			name = Debug;
		};
		53DC07EA2ABBEB3500EAD0AB /* Release */ = {
			isa = XCBuildConfiguration;
			buildSettings = {
				ALWAYS_SEARCH_USER_PATHS = NO;
				CLANG_ANALYZER_NONNULL = YES;
				CLANG_ANALYZER_NUMBER_OBJECT_CONVERSION = YES_AGGRESSIVE;
				CLANG_CXX_LANGUAGE_STANDARD = "gnu++20";
				CLANG_ENABLE_MODULES = YES;
				CLANG_ENABLE_OBJC_ARC = YES;
				CLANG_ENABLE_OBJC_WEAK = YES;
				CLANG_WARN_BLOCK_CAPTURE_AUTORELEASING = YES;
				CLANG_WARN_BOOL_CONVERSION = YES;
				CLANG_WARN_COMMA = YES;
				CLANG_WARN_CONSTANT_CONVERSION = YES;
				CLANG_WARN_DEPRECATED_OBJC_IMPLEMENTATIONS = YES;
				CLANG_WARN_DIRECT_OBJC_ISA_USAGE = YES_ERROR;
				CLANG_WARN_DOCUMENTATION_COMMENTS = YES;
				CLANG_WARN_EMPTY_BODY = YES;
				CLANG_WARN_ENUM_CONVERSION = YES;
				CLANG_WARN_INFINITE_RECURSION = YES;
				CLANG_WARN_INT_CONVERSION = YES;
				CLANG_WARN_NON_LITERAL_NULL_CONVERSION = YES;
				CLANG_WARN_OBJC_IMPLICIT_RETAIN_SELF = YES;
				CLANG_WARN_OBJC_LITERAL_CONVERSION = YES;
				CLANG_WARN_OBJC_ROOT_CLASS = YES_ERROR;
				CLANG_WARN_QUOTED_INCLUDE_IN_FRAMEWORK_HEADER = YES;
				CLANG_WARN_RANGE_LOOP_ANALYSIS = YES;
				CLANG_WARN_STRICT_PROTOTYPES = YES;
				CLANG_WARN_SUSPICIOUS_MOVE = YES;
				CLANG_WARN_UNGUARDED_AVAILABILITY = YES_AGGRESSIVE;
				CLANG_WARN_UNREACHABLE_CODE = YES;
				CLANG_WARN__DUPLICATE_METHOD_MATCH = YES;
				COPY_PHASE_STRIP = NO;
				DEBUG_INFORMATION_FORMAT = "dwarf-with-dsym";
				ENABLE_NS_ASSERTIONS = NO;
				ENABLE_STRICT_OBJC_MSGSEND = YES;
				GCC_C_LANGUAGE_STANDARD = gnu11;
				GCC_NO_COMMON_BLOCKS = YES;
				GCC_WARN_64_TO_32_BIT_CONVERSION = YES;
				GCC_WARN_ABOUT_RETURN_TYPE = YES_ERROR;
				GCC_WARN_UNDECLARED_SELECTOR = YES;
				GCC_WARN_UNINITIALIZED_AUTOS = YES_AGGRESSIVE;
				GCC_WARN_UNUSED_FUNCTION = YES;
				GCC_WARN_UNUSED_VARIABLE = YES;
				IPHONEOS_DEPLOYMENT_TARGET = 16.4;
				MTL_ENABLE_DEBUG_INFO = NO;
				MTL_FAST_MATH = YES;
				SDKROOT = iphoneos;
				SWIFT_COMPILATION_MODE = wholemodule;
				SWIFT_OPTIMIZATION_LEVEL = "-O";
				VALIDATE_PRODUCT = YES;
			};
			name = Release;
		};
		53DC07EC2ABBEB3500EAD0AB /* Debug */ = {
			isa = XCBuildConfiguration;
			buildSettings = {
				ASSETCATALOG_COMPILER_APPICON_NAME = AppIcon;
				ASSETCATALOG_COMPILER_GLOBAL_ACCENT_COLOR_NAME = AccentColor;
				CODE_SIGN_STYLE = Automatic;
				CURRENT_PROJECT_VERSION = 1;
				DEVELOPMENT_ASSET_PATHS = "\"ExchangeRates/Preview Content\"";
				DEVELOPMENT_TEAM = ZA4Z6U42FJ;
				ENABLE_PREVIEWS = YES;
				GENERATE_INFOPLIST_FILE = YES;
				INFOPLIST_FILE = ExchangeRates/Info.plist;
				INFOPLIST_KEY_CFBundleDisplayName = "";
				INFOPLIST_KEY_LSApplicationCategoryType = "public.app-category.finance";
				INFOPLIST_KEY_UIApplicationSceneManifest_Generation = YES;
				INFOPLIST_KEY_UIApplicationSupportsIndirectInputEvents = YES;
				INFOPLIST_KEY_UILaunchScreen_Generation = YES;
				INFOPLIST_KEY_UISupportedInterfaceOrientations = UIInterfaceOrientationPortrait;
				INFOPLIST_KEY_UISupportedInterfaceOrientations_iPad = "UIInterfaceOrientationLandscapeLeft UIInterfaceOrientationLandscapeRight UIInterfaceOrientationPortrait UIInterfaceOrientationPortraitUpsideDown";
				IPHONEOS_DEPLOYMENT_TARGET = 16.0;
				LD_RUNPATH_SEARCH_PATHS = (
					"$(inherited)",
					"@executable_path/Frameworks",
				);
				MARKETING_VERSION = 1.0;
				PRODUCT_BUNDLE_IDENTIFIER = dio.projeto.mvvm.curso.ExchangeRates;
				PRODUCT_NAME = "$(TARGET_NAME)";
				SUPPORTED_PLATFORMS = "iphoneos iphonesimulator";
				SUPPORTS_MACCATALYST = NO;
				SUPPORTS_MAC_DESIGNED_FOR_IPHONE_IPAD = NO;
				SWIFT_EMIT_LOC_STRINGS = YES;
				SWIFT_VERSION = 5.0;
				TARGETED_DEVICE_FAMILY = 1;
			};
			name = Debug;
		};
		53DC07ED2ABBEB3500EAD0AB /* Release */ = {
			isa = XCBuildConfiguration;
			buildSettings = {
				ASSETCATALOG_COMPILER_APPICON_NAME = AppIcon;
				ASSETCATALOG_COMPILER_GLOBAL_ACCENT_COLOR_NAME = AccentColor;
				CODE_SIGN_STYLE = Automatic;
				CURRENT_PROJECT_VERSION = 1;
				DEVELOPMENT_ASSET_PATHS = "\"ExchangeRates/Preview Content\"";
				DEVELOPMENT_TEAM = ZA4Z6U42FJ;
				ENABLE_PREVIEWS = YES;
				GENERATE_INFOPLIST_FILE = YES;
				INFOPLIST_FILE = ExchangeRates/Info.plist;
				INFOPLIST_KEY_CFBundleDisplayName = "";
				INFOPLIST_KEY_LSApplicationCategoryType = "public.app-category.finance";
				INFOPLIST_KEY_UIApplicationSceneManifest_Generation = YES;
				INFOPLIST_KEY_UIApplicationSupportsIndirectInputEvents = YES;
				INFOPLIST_KEY_UILaunchScreen_Generation = YES;
				INFOPLIST_KEY_UISupportedInterfaceOrientations = UIInterfaceOrientationPortrait;
				INFOPLIST_KEY_UISupportedInterfaceOrientations_iPad = "UIInterfaceOrientationLandscapeLeft UIInterfaceOrientationLandscapeRight UIInterfaceOrientationPortrait UIInterfaceOrientationPortraitUpsideDown";
				IPHONEOS_DEPLOYMENT_TARGET = 16.0;
				LD_RUNPATH_SEARCH_PATHS = (
					"$(inherited)",
					"@executable_path/Frameworks",
				);
				MARKETING_VERSION = 1.0;
				PRODUCT_BUNDLE_IDENTIFIER = dio.projeto.mvvm.curso.ExchangeRates;
				PRODUCT_NAME = "$(TARGET_NAME)";
				SUPPORTED_PLATFORMS = "iphoneos iphonesimulator";
				SUPPORTS_MACCATALYST = NO;
				SUPPORTS_MAC_DESIGNED_FOR_IPHONE_IPAD = NO;
				SWIFT_EMIT_LOC_STRINGS = YES;
				SWIFT_VERSION = 5.0;
				TARGETED_DEVICE_FAMILY = 1;
			};
			name = Release;
		};
/* End XCBuildConfiguration section */

/* Begin XCConfigurationList section */
		53DC07D82ABBEB3400EAD0AB /* Build configuration list for PBXProject "ExchangeRates" */ = {
			isa = XCConfigurationList;
			buildConfigurations = (
				53DC07E92ABBEB3500EAD0AB /* Debug */,
				53DC07EA2ABBEB3500EAD0AB /* Release */,
			);
			defaultConfigurationIsVisible = 0;
			defaultConfigurationName = Release;
		};
		53DC07EB2ABBEB3500EAD0AB /* Build configuration list for PBXNativeTarget "ExchangeRates" */ = {
			isa = XCConfigurationList;
			buildConfigurations = (
				53DC07EC2ABBEB3500EAD0AB /* Debug */,
				53DC07ED2ABBEB3500EAD0AB /* Release */,
			);
			defaultConfigurationIsVisible = 0;
			defaultConfigurationName = Release;
		};
/* End XCConfigurationList section */
	};
	rootObject = 53DC07D52ABBEB3400EAD0AB /* Project object */;
}
